// !$*UTF8*$!
{
	archiveVersion = 1;
	classes = {
	};
	objectVersion = 56;
	objects = {

/* Begin PBXBuildFile section */
		99A037802B25CAA600964315 /* CenifyApp.swift in Sources */ = {isa = PBXBuildFile; fileRef = 99A0377F2B25CAA600964315 /* CenifyApp.swift */; };
		99A037842B25CAA800964315 /* Assets.xcassets in Resources */ = {isa = PBXBuildFile; fileRef = 99A037832B25CAA800964315 /* Assets.xcassets */; };
		99A037882B25CAA800964315 /* Preview Assets.xcassets in Resources */ = {isa = PBXBuildFile; fileRef = 99A037872B25CAA800964315 /* Preview Assets.xcassets */; };
		99A037942B25CB8000964315 /* MoviesListView.swift in Sources */ = {isa = PBXBuildFile; fileRef = 99A037932B25CB8000964315 /* MoviesListView.swift */; };
		99A037962B25CB9400964315 /* MoviesListViewModel.swift in Sources */ = {isa = PBXBuildFile; fileRef = 99A037952B25CB9400964315 /* MoviesListViewModel.swift */; };
		99A0379A2B25CBCC00964315 /* MovieDetailsView.swift in Sources */ = {isa = PBXBuildFile; fileRef = 99A037992B25CBCB00964315 /* MovieDetailsView.swift */; };
		99A0379C2B25CBDF00964315 /* NetworkManager.swift in Sources */ = {isa = PBXBuildFile; fileRef = 99A0379B2B25CBDF00964315 /* NetworkManager.swift */; };
		99A0379E2B25CC4C00964315 /* MovieRepo.swift in Sources */ = {isa = PBXBuildFile; fileRef = 99A0379D2B25CC4C00964315 /* MovieRepo.swift */; };
		99A037A12B25CCBE00964315 /* Movie.swift in Sources */ = {isa = PBXBuildFile; fileRef = 99A037A02B25CCBE00964315 /* Movie.swift */; };
		99A037A42B25CD9B00964315 /* UiState.swift in Sources */ = {isa = PBXBuildFile; fileRef = 99A037A32B25CD9B00964315 /* UiState.swift */; };
		99A037AB2B25DCE600964315 /* Alamofire in Frameworks */ = {isa = PBXBuildFile; productRef = 99A037AA2B25DCE600964315 /* Alamofire */; };
		99A037AE2B25F0F800964315 /* MovieCard.swift in Sources */ = {isa = PBXBuildFile; fileRef = 99A037AD2B25F0F800964315 /* MovieCard.swift */; };
		99A037B12B260DD700964315 /* BackgroundEffect.swift in Sources */ = {isa = PBXBuildFile; fileRef = 99A037B02B260DD700964315 /* BackgroundEffect.swift */; };
		99A037B42B26228A00964315 /* View.swift in Sources */ = {isa = PBXBuildFile; fileRef = 99A037B32B26228900964315 /* View.swift */; };
		99A037BC2B2641F400964315 /* Kingfisher in Frameworks */ = {isa = PBXBuildFile; productRef = 99A037BB2B2641F400964315 /* Kingfisher */; };
		99A037C02B2645F000964315 /* MovieDetails.swift in Sources */ = {isa = PBXBuildFile; fileRef = 99A037BF2B2645F000964315 /* MovieDetails.swift */; };
		99A037C22B26478500964315 /* PosterCard.swift in Sources */ = {isa = PBXBuildFile; fileRef = 99A037C12B26478500964315 /* PosterCard.swift */; };
		99A037C42B26545F00964315 /* MovieDetailsViewModel.swift in Sources */ = {isa = PBXBuildFile; fileRef = 99A037C32B26545F00964315 /* MovieDetailsViewModel.swift */; };
		99A037C62B265B4000964315 /* Double.swift in Sources */ = {isa = PBXBuildFile; fileRef = 99A037C52B265B4000964315 /* Double.swift */; };
		99A037C92B26701200964315 /* BackHandler.swift in Sources */ = {isa = PBXBuildFile; fileRef = 99A037C82B26701200964315 /* BackHandler.swift */; };
		99A037CB2B26EF3400964315 /* GlacialEffect.swift in Sources */ = {isa = PBXBuildFile; fileRef = 99A037CA2B26EF3400964315 /* GlacialEffect.swift */; };
/* End PBXBuildFile section */

/* Begin PBXFileReference section */
		99A0377C2B25CAA600964315 /* Cenify.app */ = {isa = PBXFileReference; explicitFileType = wrapper.application; includeInIndex = 0; path = Cenify.app; sourceTree = BUILT_PRODUCTS_DIR; };
		99A0377F2B25CAA600964315 /* CenifyApp.swift */ = {isa = PBXFileReference; lastKnownFileType = sourcecode.swift; path = CenifyApp.swift; sourceTree = "<group>"; };
		99A037832B25CAA800964315 /* Assets.xcassets */ = {isa = PBXFileReference; lastKnownFileType = folder.assetcatalog; path = Assets.xcassets; sourceTree = "<group>"; };
		99A037852B25CAA800964315 /* Cenify.entitlements */ = {isa = PBXFileReference; lastKnownFileType = text.plist.entitlements; path = Cenify.entitlements; sourceTree = "<group>"; };
		99A037872B25CAA800964315 /* Preview Assets.xcassets */ = {isa = PBXFileReference; lastKnownFileType = folder.assetcatalog; path = "Preview Assets.xcassets"; sourceTree = "<group>"; };
		99A037932B25CB8000964315 /* MoviesListView.swift */ = {isa = PBXFileReference; lastKnownFileType = sourcecode.swift; path = MoviesListView.swift; sourceTree = "<group>"; };
		99A037952B25CB9400964315 /* MoviesListViewModel.swift */ = {isa = PBXFileReference; lastKnownFileType = sourcecode.swift; path = MoviesListViewModel.swift; sourceTree = "<group>"; };
		99A037992B25CBCB00964315 /* MovieDetailsView.swift */ = {isa = PBXFileReference; lastKnownFileType = sourcecode.swift; path = MovieDetailsView.swift; sourceTree = "<group>"; };
		99A0379B2B25CBDF00964315 /* NetworkManager.swift */ = {isa = PBXFileReference; lastKnownFileType = sourcecode.swift; path = NetworkManager.swift; sourceTree = "<group>"; };
		99A0379D2B25CC4C00964315 /* MovieRepo.swift */ = {isa = PBXFileReference; lastKnownFileType = sourcecode.swift; path = MovieRepo.swift; sourceTree = "<group>"; };
		99A037A02B25CCBE00964315 /* Movie.swift */ = {isa = PBXFileReference; lastKnownFileType = sourcecode.swift; path = Movie.swift; sourceTree = "<group>"; };
		99A037A32B25CD9B00964315 /* UiState.swift */ = {isa = PBXFileReference; lastKnownFileType = sourcecode.swift; path = UiState.swift; sourceTree = "<group>"; };
		99A037A82B25D4B800964315 /* Info.plist */ = {isa = PBXFileReference; lastKnownFileType = text.plist; path = Info.plist; sourceTree = "<group>"; };
		99A037AD2B25F0F800964315 /* MovieCard.swift */ = {isa = PBXFileReference; lastKnownFileType = sourcecode.swift; path = MovieCard.swift; sourceTree = "<group>"; };
		99A037B02B260DD700964315 /* BackgroundEffect.swift */ = {isa = PBXFileReference; lastKnownFileType = sourcecode.swift; path = BackgroundEffect.swift; sourceTree = "<group>"; };
		99A037B32B26228900964315 /* View.swift */ = {isa = PBXFileReference; lastKnownFileType = sourcecode.swift; path = View.swift; sourceTree = "<group>"; };
		99A037BF2B2645F000964315 /* MovieDetails.swift */ = {isa = PBXFileReference; lastKnownFileType = sourcecode.swift; path = MovieDetails.swift; sourceTree = "<group>"; };
		99A037C12B26478500964315 /* PosterCard.swift */ = {isa = PBXFileReference; lastKnownFileType = sourcecode.swift; path = PosterCard.swift; sourceTree = "<group>"; };
		99A037C32B26545F00964315 /* MovieDetailsViewModel.swift */ = {isa = PBXFileReference; lastKnownFileType = sourcecode.swift; path = MovieDetailsViewModel.swift; sourceTree = "<group>"; };
		99A037C52B265B4000964315 /* Double.swift */ = {isa = PBXFileReference; lastKnownFileType = sourcecode.swift; path = Double.swift; sourceTree = "<group>"; };
		99A037C82B26701200964315 /* BackHandler.swift */ = {isa = PBXFileReference; lastKnownFileType = sourcecode.swift; path = BackHandler.swift; sourceTree = "<group>"; };
		99A037CA2B26EF3400964315 /* GlacialEffect.swift */ = {isa = PBXFileReference; lastKnownFileType = sourcecode.swift; path = GlacialEffect.swift; sourceTree = "<group>"; };
/* End PBXFileReference section */

/* Begin PBXFrameworksBuildPhase section */
		99A037792B25CAA600964315 /* Frameworks */ = {
			isa = PBXFrameworksBuildPhase;
			buildActionMask = 2147483647;
			files = (
				99A037BC2B2641F400964315 /* Kingfisher in Frameworks */,
				99A037AB2B25DCE600964315 /* Alamofire in Frameworks */,
			);
			runOnlyForDeploymentPostprocessing = 0;
		};
/* End PBXFrameworksBuildPhase section */

/* Begin PBXGroup section */
		99A037732B25CAA600964315 = {
			isa = PBXGroup;
			children = (
				99A0377E2B25CAA600964315 /* Cenify */,
				99A0377D2B25CAA600964315 /* Products */,
			);
			sourceTree = "<group>";
		};
		99A0377D2B25CAA600964315 /* Products */ = {
			isa = PBXGroup;
			children = (
				99A0377C2B25CAA600964315 /* Cenify.app */,
			);
			name = Products;
			sourceTree = "<group>";
		};
		99A0377E2B25CAA600964315 /* Cenify */ = {
			isa = PBXGroup;
			children = (
				99A037A82B25D4B800964315 /* Info.plist */,
				99A037AF2B260DB500964315 /* ViewModifers */,
				99A037AC2B25F0DF00964315 /* Components */,
				99A037A52B25D26000964315 /* Extensions */,
				99A037A22B25CD8B00964315 /* UiState */,
				99A0379F2B25CC9000964315 /* Models */,
				99A037902B25CB3D00964315 /* Views */,
				99A0378F2B25CADE00964315 /* Repos */,
				99A0378E2B25CACB00964315 /* Managers */,
				99A037B92B26307C00964315 /* Main */,
				99A037832B25CAA800964315 /* Assets.xcassets */,
				99A037852B25CAA800964315 /* Cenify.entitlements */,
				99A037862B25CAA800964315 /* Preview Content */,
			);
			path = Cenify;
			sourceTree = "<group>";
		};
		99A037862B25CAA800964315 /* Preview Content */ = {
			isa = PBXGroup;
			children = (
				99A037872B25CAA800964315 /* Preview Assets.xcassets */,
			);
			path = "Preview Content";
			sourceTree = "<group>";
		};
		99A0378E2B25CACB00964315 /* Managers */ = {
			isa = PBXGroup;
			children = (
				99A0379B2B25CBDF00964315 /* NetworkManager.swift */,
			);
			path = Managers;
			sourceTree = "<group>";
		};
		99A0378F2B25CADE00964315 /* Repos */ = {
			isa = PBXGroup;
			children = (
				99A0379D2B25CC4C00964315 /* MovieRepo.swift */,
			);
			path = Repos;
			sourceTree = "<group>";
		};
		99A037902B25CB3D00964315 /* Views */ = {
			isa = PBXGroup;
			children = (
				99A037982B25CBA600964315 /* MovieDetails */,
				99A037972B25CB9C00964315 /* MoviesList */,
			);
			path = Views;
			sourceTree = "<group>";
		};
		99A037972B25CB9C00964315 /* MoviesList */ = {
			isa = PBXGroup;
			children = (
				99A037932B25CB8000964315 /* MoviesListView.swift */,
				99A037952B25CB9400964315 /* MoviesListViewModel.swift */,
			);
			path = MoviesList;
			sourceTree = "<group>";
		};
		99A037982B25CBA600964315 /* MovieDetails */ = {
			isa = PBXGroup;
			children = (
				99A037992B25CBCB00964315 /* MovieDetailsView.swift */,
				99A037C32B26545F00964315 /* MovieDetailsViewModel.swift */,
			);
			path = MovieDetails;
			sourceTree = "<group>";
		};
		99A0379F2B25CC9000964315 /* Models */ = {
			isa = PBXGroup;
			children = (
				99A037A02B25CCBE00964315 /* Movie.swift */,
				99A037BF2B2645F000964315 /* MovieDetails.swift */,
			);
			path = Models;
			sourceTree = "<group>";
		};
		99A037A22B25CD8B00964315 /* UiState */ = {
			isa = PBXGroup;
			children = (
				99A037A32B25CD9B00964315 /* UiState.swift */,
			);
			path = UiState;
			sourceTree = "<group>";
		};
		99A037A52B25D26000964315 /* Extensions */ = {
			isa = PBXGroup;
			children = (
				99A037B22B26227A00964315 /* SwiftUI */,
				99A037C72B265B4300964315 /* Foundation */,
			);
			path = Extensions;
			sourceTree = "<group>";
		};
		99A037AC2B25F0DF00964315 /* Components */ = {
			isa = PBXGroup;
			children = (
				99A037AD2B25F0F800964315 /* MovieCard.swift */,
				99A037C12B26478500964315 /* PosterCard.swift */,
			);
			path = Components;
			sourceTree = "<group>";
		};
		99A037AF2B260DB500964315 /* ViewModifers */ = {
			isa = PBXGroup;
			children = (
				99A037B02B260DD700964315 /* BackgroundEffect.swift */,
				99A037C82B26701200964315 /* BackHandler.swift */,
				99A037CA2B26EF3400964315 /* GlacialEffect.swift */,
			);
			path = ViewModifers;
			sourceTree = "<group>";
		};
		99A037B22B26227A00964315 /* SwiftUI */ = {
			isa = PBXGroup;
			children = (
				99A037B32B26228900964315 /* View.swift */,
			);
			path = SwiftUI;
			sourceTree = "<group>";
		};
		99A037B92B26307C00964315 /* Main */ = {
			isa = PBXGroup;
			children = (
				99A0377F2B25CAA600964315 /* CenifyApp.swift */,
			);
			path = Main;
			sourceTree = "<group>";
		};
		99A037C72B265B4300964315 /* Foundation */ = {
			isa = PBXGroup;
			children = (
				99A037C52B265B4000964315 /* Double.swift */,
			);
			path = Foundation;
			sourceTree = "<group>";
		};
/* End PBXGroup section */

/* Begin PBXNativeTarget section */
		99A0377B2B25CAA600964315 /* Cenify */ = {
			isa = PBXNativeTarget;
			buildConfigurationList = 99A0378B2B25CAA800964315 /* Build configuration list for PBXNativeTarget "Cenify" */;
			buildPhases = (
				99A037782B25CAA600964315 /* Sources */,
				99A037792B25CAA600964315 /* Frameworks */,
				99A0377A2B25CAA600964315 /* Resources */,
			);
			buildRules = (
			);
			dependencies = (
			);
			name = Cenify;
			packageProductDependencies = (
				99A037AA2B25DCE600964315 /* Alamofire */,
				99A037BB2B2641F400964315 /* Kingfisher */,
			);
			productName = Cenify;
			productReference = 99A0377C2B25CAA600964315 /* Cenify.app */;
			productType = "com.apple.product-type.application";
		};
/* End PBXNativeTarget section */

/* Begin PBXProject section */
		99A037742B25CAA600964315 /* Project object */ = {
			isa = PBXProject;
			attributes = {
				BuildIndependentTargetsInParallel = 1;
				LastSwiftUpdateCheck = 1500;
				LastUpgradeCheck = 1500;
				TargetAttributes = {
					99A0377B2B25CAA600964315 = {
						CreatedOnToolsVersion = 15.0.1;
					};
				};
			};
			buildConfigurationList = 99A037772B25CAA600964315 /* Build configuration list for PBXProject "Cenify" */;
			compatibilityVersion = "Xcode 14.0";
			developmentRegion = en;
			hasScannedForEncodings = 0;
			knownRegions = (
				en,
				Base,
			);
			mainGroup = 99A037732B25CAA600964315;
			packageReferences = (
				99A037A92B25DCE600964315 /* XCRemoteSwiftPackageReference "Alamofire" */,
				99A037BA2B2641F400964315 /* XCRemoteSwiftPackageReference "Kingfisher" */,
			);
			productRefGroup = 99A0377D2B25CAA600964315 /* Products */;
			projectDirPath = "";
			projectRoot = "";
			targets = (
				99A0377B2B25CAA600964315 /* Cenify */,
			);
		};
/* End PBXProject section */

/* Begin PBXResourcesBuildPhase section */
		99A0377A2B25CAA600964315 /* Resources */ = {
			isa = PBXResourcesBuildPhase;
			buildActionMask = 2147483647;
			files = (
				99A037882B25CAA800964315 /* Preview Assets.xcassets in Resources */,
				99A037842B25CAA800964315 /* Assets.xcassets in Resources */,
			);
			runOnlyForDeploymentPostprocessing = 0;
		};
/* End PBXResourcesBuildPhase section */

/* Begin PBXSourcesBuildPhase section */
		99A037782B25CAA600964315 /* Sources */ = {
			isa = PBXSourcesBuildPhase;
			buildActionMask = 2147483647;
			files = (
				99A037C62B265B4000964315 /* Double.swift in Sources */,
				99A037B12B260DD700964315 /* BackgroundEffect.swift in Sources */,
				99A037C02B2645F000964315 /* MovieDetails.swift in Sources */,
				99A037AE2B25F0F800964315 /* MovieCard.swift in Sources */,
				99A037942B25CB8000964315 /* MoviesListView.swift in Sources */,
				99A037CB2B26EF3400964315 /* GlacialEffect.swift in Sources */,
				99A037802B25CAA600964315 /* CenifyApp.swift in Sources */,
				99A0379E2B25CC4C00964315 /* MovieRepo.swift in Sources */,
				99A037C22B26478500964315 /* PosterCard.swift in Sources */,
				99A037962B25CB9400964315 /* MoviesListViewModel.swift in Sources */,
				99A037C42B26545F00964315 /* MovieDetailsViewModel.swift in Sources */,
				99A037A42B25CD9B00964315 /* UiState.swift in Sources */,
				99A037B42B26228A00964315 /* View.swift in Sources */,
				99A0379C2B25CBDF00964315 /* NetworkManager.swift in Sources */,
				99A037A12B25CCBE00964315 /* Movie.swift in Sources */,
				99A0379A2B25CBCC00964315 /* MovieDetailsView.swift in Sources */,
				99A037C92B26701200964315 /* BackHandler.swift in Sources */,
			);
			runOnlyForDeploymentPostprocessing = 0;
		};
/* End PBXSourcesBuildPhase section */

/* Begin XCBuildConfiguration section */
		99A037892B25CAA800964315 /* Debug */ = {
			isa = XCBuildConfiguration;
			buildSettings = {
				ALWAYS_SEARCH_USER_PATHS = NO;
				ASSETCATALOG_COMPILER_GENERATE_SWIFT_ASSET_SYMBOL_EXTENSIONS = YES;
				CLANG_ANALYZER_NONNULL = YES;
				CLANG_ANALYZER_NUMBER_OBJECT_CONVERSION = YES_AGGRESSIVE;
				CLANG_CXX_LANGUAGE_STANDARD = "gnu++20";
				CLANG_ENABLE_MODULES = YES;
				CLANG_ENABLE_OBJC_ARC = YES;
				CLANG_ENABLE_OBJC_WEAK = YES;
				CLANG_WARN_BLOCK_CAPTURE_AUTORELEASING = YES;
				CLANG_WARN_BOOL_CONVERSION = YES;
				CLANG_WARN_COMMA = YES;
				CLANG_WARN_CONSTANT_CONVERSION = YES;
				CLANG_WARN_DEPRECATED_OBJC_IMPLEMENTATIONS = YES;
				CLANG_WARN_DIRECT_OBJC_ISA_USAGE = YES_ERROR;
				CLANG_WARN_DOCUMENTATION_COMMENTS = YES;
				CLANG_WARN_EMPTY_BODY = YES;
				CLANG_WARN_ENUM_CONVERSION = YES;
				CLANG_WARN_INFINITE_RECURSION = YES;
				CLANG_WARN_INT_CONVERSION = YES;
				CLANG_WARN_NON_LITERAL_NULL_CONVERSION = YES;
				CLANG_WARN_OBJC_IMPLICIT_RETAIN_SELF = YES;
				CLANG_WARN_OBJC_LITERAL_CONVERSION = YES;
				CLANG_WARN_OBJC_ROOT_CLASS = YES_ERROR;
				CLANG_WARN_QUOTED_INCLUDE_IN_FRAMEWORK_HEADER = YES;
				CLANG_WARN_RANGE_LOOP_ANALYSIS = YES;
				CLANG_WARN_STRICT_PROTOTYPES = YES;
				CLANG_WARN_SUSPICIOUS_MOVE = YES;
				CLANG_WARN_UNGUARDED_AVAILABILITY = YES_AGGRESSIVE;
				CLANG_WARN_UNREACHABLE_CODE = YES;
				CLANG_WARN__DUPLICATE_METHOD_MATCH = YES;
				COPY_PHASE_STRIP = NO;
				DEBUG_INFORMATION_FORMAT = dwarf;
				ENABLE_STRICT_OBJC_MSGSEND = YES;
				ENABLE_TESTABILITY = YES;
				ENABLE_USER_SCRIPT_SANDBOXING = YES;
				GCC_C_LANGUAGE_STANDARD = gnu17;
				GCC_DYNAMIC_NO_PIC = NO;
				GCC_NO_COMMON_BLOCKS = YES;
				GCC_OPTIMIZATION_LEVEL = 0;
				GCC_PREPROCESSOR_DEFINITIONS = (
					"DEBUG=1",
					"$(inherited)",
				);
				GCC_WARN_64_TO_32_BIT_CONVERSION = YES;
				GCC_WARN_ABOUT_RETURN_TYPE = YES_ERROR;
				GCC_WARN_UNDECLARED_SELECTOR = YES;
				GCC_WARN_UNINITIALIZED_AUTOS = YES_AGGRESSIVE;
				GCC_WARN_UNUSED_FUNCTION = YES;
				GCC_WARN_UNUSED_VARIABLE = YES;
				LOCALIZATION_PREFERS_STRING_CATALOGS = YES;
				MTL_ENABLE_DEBUG_INFO = INCLUDE_SOURCE;
				MTL_FAST_MATH = YES;
				ONLY_ACTIVE_ARCH = YES;
				SWIFT_ACTIVE_COMPILATION_CONDITIONS = "DEBUG $(inherited)";
				SWIFT_OPTIMIZATION_LEVEL = "-Onone";
			};
			name = Debug;
		};
		99A0378A2B25CAA800964315 /* Release */ = {
			isa = XCBuildConfiguration;
			buildSettings = {
				ALWAYS_SEARCH_USER_PATHS = NO;
				ASSETCATALOG_COMPILER_GENERATE_SWIFT_ASSET_SYMBOL_EXTENSIONS = YES;
				CLANG_ANALYZER_NONNULL = YES;
				CLANG_ANALYZER_NUMBER_OBJECT_CONVERSION = YES_AGGRESSIVE;
				CLANG_CXX_LANGUAGE_STANDARD = "gnu++20";
				CLANG_ENABLE_MODULES = YES;
				CLANG_ENABLE_OBJC_ARC = YES;
				CLANG_ENABLE_OBJC_WEAK = YES;
				CLANG_WARN_BLOCK_CAPTURE_AUTORELEASING = YES;
				CLANG_WARN_BOOL_CONVERSION = YES;
				CLANG_WARN_COMMA = YES;
				CLANG_WARN_CONSTANT_CONVERSION = YES;
				CLANG_WARN_DEPRECATED_OBJC_IMPLEMENTATIONS = YES;
				CLANG_WARN_DIRECT_OBJC_ISA_USAGE = YES_ERROR;
				CLANG_WARN_DOCUMENTATION_COMMENTS = YES;
				CLANG_WARN_EMPTY_BODY = YES;
				CLANG_WARN_ENUM_CONVERSION = YES;
				CLANG_WARN_INFINITE_RECURSION = YES;
				CLANG_WARN_INT_CONVERSION = YES;
				CLANG_WARN_NON_LITERAL_NULL_CONVERSION = YES;
				CLANG_WARN_OBJC_IMPLICIT_RETAIN_SELF = YES;
				CLANG_WARN_OBJC_LITERAL_CONVERSION = YES;
				CLANG_WARN_OBJC_ROOT_CLASS = YES_ERROR;
				CLANG_WARN_QUOTED_INCLUDE_IN_FRAMEWORK_HEADER = YES;
				CLANG_WARN_RANGE_LOOP_ANALYSIS = YES;
				CLANG_WARN_STRICT_PROTOTYPES = YES;
				CLANG_WARN_SUSPICIOUS_MOVE = YES;
				CLANG_WARN_UNGUARDED_AVAILABILITY = YES_AGGRESSIVE;
				CLANG_WARN_UNREACHABLE_CODE = YES;
				CLANG_WARN__DUPLICATE_METHOD_MATCH = YES;
				COPY_PHASE_STRIP = NO;
				DEBUG_INFORMATION_FORMAT = "dwarf-with-dsym";
				ENABLE_NS_ASSERTIONS = NO;
				ENABLE_STRICT_OBJC_MSGSEND = YES;
				ENABLE_USER_SCRIPT_SANDBOXING = YES;
				GCC_C_LANGUAGE_STANDARD = gnu17;
				GCC_NO_COMMON_BLOCKS = YES;
				GCC_WARN_64_TO_32_BIT_CONVERSION = YES;
				GCC_WARN_ABOUT_RETURN_TYPE = YES_ERROR;
				GCC_WARN_UNDECLARED_SELECTOR = YES;
				GCC_WARN_UNINITIALIZED_AUTOS = YES_AGGRESSIVE;
				GCC_WARN_UNUSED_FUNCTION = YES;
				GCC_WARN_UNUSED_VARIABLE = YES;
				LOCALIZATION_PREFERS_STRING_CATALOGS = YES;
				MTL_ENABLE_DEBUG_INFO = NO;
				MTL_FAST_MATH = YES;
				SWIFT_COMPILATION_MODE = wholemodule;
			};
			name = Release;
		};
		99A0378C2B25CAA800964315 /* Debug */ = {
			isa = XCBuildConfiguration;
			buildSettings = {
				ASSETCATALOG_COMPILER_APPICON_NAME = AppIcon;
				ASSETCATALOG_COMPILER_GLOBAL_ACCENT_COLOR_NAME = AccentColor;
				CODE_SIGN_ENTITLEMENTS = Cenify/Cenify.entitlements;
				CODE_SIGN_STYLE = Automatic;
				CURRENT_PROJECT_VERSION = 1;
				DEVELOPMENT_ASSET_PATHS = "\"Cenify/Preview Content\"";
				DEVELOPMENT_TEAM = QH3T53K3KZ;
				ENABLE_HARDENED_RUNTIME = YES;
				ENABLE_PREVIEWS = YES;
				GENERATE_INFOPLIST_FILE = YES;
				INFOPLIST_FILE = Cenify/Info.plist;
				"INFOPLIST_KEY_UIApplicationSceneManifest_Generation[sdk=iphoneos*]" = YES;
				"INFOPLIST_KEY_UIApplicationSceneManifest_Generation[sdk=iphonesimulator*]" = YES;
				"INFOPLIST_KEY_UIApplicationSupportsIndirectInputEvents[sdk=iphoneos*]" = YES;
				"INFOPLIST_KEY_UIApplicationSupportsIndirectInputEvents[sdk=iphonesimulator*]" = YES;
				"INFOPLIST_KEY_UILaunchScreen_Generation[sdk=iphoneos*]" = YES;
				"INFOPLIST_KEY_UILaunchScreen_Generation[sdk=iphonesimulator*]" = YES;
				"INFOPLIST_KEY_UIStatusBarStyle[sdk=iphoneos*]" = UIStatusBarStyleDefault;
				"INFOPLIST_KEY_UIStatusBarStyle[sdk=iphonesimulator*]" = UIStatusBarStyleDefault;
				INFOPLIST_KEY_UISupportedInterfaceOrientations_iPad = "UIInterfaceOrientationPortrait UIInterfaceOrientationPortraitUpsideDown UIInterfaceOrientationLandscapeLeft UIInterfaceOrientationLandscapeRight";
				INFOPLIST_KEY_UISupportedInterfaceOrientations_iPhone = "UIInterfaceOrientationPortrait UIInterfaceOrientationLandscapeLeft UIInterfaceOrientationLandscapeRight";
				IPHONEOS_DEPLOYMENT_TARGET = 17.0;
				LD_RUNPATH_SEARCH_PATHS = "@executable_path/Frameworks";
				"LD_RUNPATH_SEARCH_PATHS[sdk=macosx*]" = "@executable_path/../Frameworks";
				MACOSX_DEPLOYMENT_TARGET = 14.0;
				MARKETING_VERSION = 1.0;
				PRODUCT_BUNDLE_IDENTIFIER = com.raynmore.Cenify;
				PRODUCT_NAME = "$(TARGET_NAME)";
				SDKROOT = auto;
				SUPPORTED_PLATFORMS = "iphoneos iphonesimulator macosx";
				SWIFT_EMIT_LOC_STRINGS = YES;
				SWIFT_VERSION = 5.0;
				TARGETED_DEVICE_FAMILY = "1,2";
			};
			name = Debug;
		};
		99A0378D2B25CAA800964315 /* Release */ = {
			isa = XCBuildConfiguration;
			buildSettings = {
				ASSETCATALOG_COMPILER_APPICON_NAME = AppIcon;
				ASSETCATALOG_COMPILER_GLOBAL_ACCENT_COLOR_NAME = AccentColor;
				CODE_SIGN_ENTITLEMENTS = Cenify/Cenify.entitlements;
				CODE_SIGN_STYLE = Automatic;
				CURRENT_PROJECT_VERSION = 1;
				DEVELOPMENT_ASSET_PATHS = "\"Cenify/Preview Content\"";
				DEVELOPMENT_TEAM = QH3T53K3KZ;
				ENABLE_HARDENED_RUNTIME = YES;
				ENABLE_PREVIEWS = YES;
				GENERATE_INFOPLIST_FILE = YES;
				INFOPLIST_FILE = Cenify/Info.plist;
				"INFOPLIST_KEY_UIApplicationSceneManifest_Generation[sdk=iphoneos*]" = YES;
				"INFOPLIST_KEY_UIApplicationSceneManifest_Generation[sdk=iphonesimulator*]" = YES;
				"INFOPLIST_KEY_UIApplicationSupportsIndirectInputEvents[sdk=iphoneos*]" = YES;
				"INFOPLIST_KEY_UIApplicationSupportsIndirectInputEvents[sdk=iphonesimulator*]" = YES;
				"INFOPLIST_KEY_UILaunchScreen_Generation[sdk=iphoneos*]" = YES;
				"INFOPLIST_KEY_UILaunchScreen_Generation[sdk=iphonesimulator*]" = YES;
				"INFOPLIST_KEY_UIStatusBarStyle[sdk=iphoneos*]" = UIStatusBarStyleDefault;
				"INFOPLIST_KEY_UIStatusBarStyle[sdk=iphonesimulator*]" = UIStatusBarStyleDefault;
				INFOPLIST_KEY_UISupportedInterfaceOrientations_iPad = "UIInterfaceOrientationPortrait UIInterfaceOrientationPortraitUpsideDown UIInterfaceOrientationLandscapeLeft UIInterfaceOrientationLandscapeRight";
				INFOPLIST_KEY_UISupportedInterfaceOrientations_iPhone = "UIInterfaceOrientationPortrait UIInterfaceOrientationLandscapeLeft UIInterfaceOrientationLandscapeRight";
				IPHONEOS_DEPLOYMENT_TARGET = 17.0;
				LD_RUNPATH_SEARCH_PATHS = "@executable_path/Frameworks";
				"LD_RUNPATH_SEARCH_PATHS[sdk=macosx*]" = "@executable_path/../Frameworks";
				MACOSX_DEPLOYMENT_TARGET = 14.0;
				MARKETING_VERSION = 1.0;
				PRODUCT_BUNDLE_IDENTIFIER = com.raynmore.Cenify;
				PRODUCT_NAME = "$(TARGET_NAME)";
				SDKROOT = auto;
				SUPPORTED_PLATFORMS = "iphoneos iphonesimulator macosx";
				SWIFT_EMIT_LOC_STRINGS = YES;
				SWIFT_VERSION = 5.0;
				TARGETED_DEVICE_FAMILY = "1,2";
			};
			name = Release;
		};
/* End XCBuildConfiguration section */

/* Begin XCConfigurationList section */
		99A037772B25CAA600964315 /* Build configuration list for PBXProject "Cenify" */ = {
			isa = XCConfigurationList;
			buildConfigurations = (
				99A037892B25CAA800964315 /* Debug */,
				99A0378A2B25CAA800964315 /* Release */,
			);
			defaultConfigurationIsVisible = 0;
			defaultConfigurationName = Release;
		};
		99A0378B2B25CAA800964315 /* Build configuration list for PBXNativeTarget "Cenify" */ = {
			isa = XCConfigurationList;
			buildConfigurations = (
				99A0378C2B25CAA800964315 /* Debug */,
				99A0378D2B25CAA800964315 /* Release */,
			);
			defaultConfigurationIsVisible = 0;
			defaultConfigurationName = Release;
		};
/* End XCConfigurationList section */

/* Begin XCRemoteSwiftPackageReference section */
		99A037A92B25DCE600964315 /* XCRemoteSwiftPackageReference "Alamofire" */ = {
			isa = XCRemoteSwiftPackageReference;
			repositoryURL = "https://github.com/Alamofire/Alamofire";
			requirement = {
				kind = upToNextMajorVersion;
				minimumVersion = 5.8.1;
			};
		};
		99A037BA2B2641F400964315 /* XCRemoteSwiftPackageReference "Kingfisher" */ = {
			isa = XCRemoteSwiftPackageReference;
			repositoryURL = "https://github.com/onevcat/Kingfisher";
			requirement = {
				kind = upToNextMajorVersion;
				minimumVersion = 7.10.1;
			};
		};
/* End XCRemoteSwiftPackageReference section */

/* Begin XCSwiftPackageProductDependency section */
		99A037AA2B25DCE600964315 /* Alamofire */ = {
			isa = XCSwiftPackageProductDependency;
			package = 99A037A92B25DCE600964315 /* XCRemoteSwiftPackageReference "Alamofire" */;
			productName = Alamofire;
		};
		99A037BB2B2641F400964315 /* Kingfisher */ = {
			isa = XCSwiftPackageProductDependency;
			package = 99A037BA2B2641F400964315 /* XCRemoteSwiftPackageReference "Kingfisher" */;
			productName = Kingfisher;
		};
/* End XCSwiftPackageProductDependency section */
	};
	rootObject = 99A037742B25CAA600964315 /* Project object */;
}
